
Microsoft Visual Studio Solution File, Format Version 12.00
# Visual Studio Version 17
VisualStudioVersion = 17.6.33815.320
MinimumVisualStudioVersion = 10.0.40219.1
Project("{8BC9CEB8-8B4A-11D0-8D11-00A0C91BC942}") = "LR2", "LR2.vcxproj", "{50F06C06-31FD-4905-A670-DC18BEC02A06}"
EndProject
Global
	GlobalSection(SolutionConfigurationPlatforms) = preSolution
		Debug|x64 = Debug|x64
		Debug|x86 = Debug|x86
		Release|x64 = Release|x64
		Release|x86 = Release|x86
	EndGlobalSection
	GlobalSection(ProjectConfigurationPlatforms) = postSolution
		{50F06C06-31FD-4905-A670-DC18BEC02A06}.Debug|x64.ActiveCfg = Debug|x64
		{50F06C06-31FD-4905-A670-DC18BEC02A06}.Debug|x64.Build.0 = Debug|x64
		{50F06C06-31FD-4905-A670-DC18BEC02A06}.Debug|x86.ActiveCfg = Debug|Win32
		{50F06C06-31FD-4905-A670-DC18BEC02A06}.Debug|x86.Build.0 = Debug|Win32
		{50F06C06-31FD-4905-A670-DC18BEC02A06}.Release|x64.ActiveCfg = Release|x64
		{50F06C06-31FD-4905-A670-DC18BEC02A06}.Release|x64.Build.0 = Release|x64
		{50F06C06-31FD-4905-A670-DC18BEC02A06}.Release|x86.ActiveCfg = Release|Win32
		{50F06C06-31FD-4905-A670-DC18BEC02A06}.Release|x86.Build.0 = Release|Win32
	EndGlobalSection
	GlobalSection(SolutionProperties) = preSolution
		HideSolutionNode = FALSE
	EndGlobalSection
	GlobalSection(ExtensibilityGlobals) = postSolution
		SolutionGuid = {EFB93238-B57E-47D4-9CFB-1706A3AD5C87}
	EndGlobalSection
EndGlobal
